
Microsoft Visual Studio Solution File, Format Version 12.00
# Visual Studio 2017
Project("{FAE04EC0-301F-11D3-BF4B-00C04F79EFBC}") = "UniversalFrame", "UniversalFrame.csproj", "{AED724E7-0D4A-C869-F6D7-3A556F72CB0C}"
EndProject
Project("{FAE04EC0-301F-11D3-BF4B-00C04F79EFBC}") = "UniversalFrame.Editor", "UniversalFrame.Editor.csproj", "{3C675E56-67F0-4BEF-B49A-2A5DA2A046CE}"
EndProject
Global
	GlobalSection(SolutionConfigurationPlatforms) = preSolution
		Debug|Any CPU = Debug|Any CPU
		Release|Any CPU = Release|Any CPU
	EndGlobalSection
	GlobalSection(ProjectConfigurationPlatforms) = postSolution
		{AED724E7-0D4A-C869-F6D7-3A556F72CB0C}.Debug|Any CPU.ActiveCfg = Debug|Any CPU
		{AED724E7-0D4A-C869-F6D7-3A556F72CB0C}.Debug|Any CPU.Build.0 = Debug|Any CPU
		{AED724E7-0D4A-C869-F6D7-3A556F72CB0C}.Release|Any CPU.ActiveCfg = Release|Any CPU
		{AED724E7-0D4A-C869-F6D7-3A556F72CB0C}.Release|Any CPU.Build.0 = Release|Any CPU
		{3C675E56-67F0-4BEF-B49A-2A5DA2A046CE}.Debug|Any CPU.ActiveCfg = Debug|Any CPU
		{3C675E56-67F0-4BEF-B49A-2A5DA2A046CE}.Debug|Any CPU.Build.0 = Debug|Any CPU
		{3C675E56-67F0-4BEF-B49A-2A5DA2A046CE}.Release|Any CPU.ActiveCfg = Release|Any CPU
		{3C675E56-67F0-4BEF-B49A-2A5DA2A046CE}.Release|Any CPU.Build.0 = Release|Any CPU
	EndGlobalSection
	GlobalSection(SolutionProperties) = preSolution
		HideSolutionNode = FALSE
	EndGlobalSection
EndGlobal
